
Microsoft Visual Studio Solution File, Format Version 12.00
# Visual Studio 14
VisualStudioVersion = 14.0.25420.1
MinimumVisualStudioVersion = 10.0.40219.1
Project("{8BC9CEB8-8B4A-11D0-8D11-00A0C91BC942}") = "2학년윈도우프로그래밍", "2학년윈도우프로그래밍2\2학년윈도우프로그래밍2.vcxproj", "{893E2ED6-9433-48F5-A096-A01A067A622B}"
EndProject
Project("{8BC9CEB8-8B4A-11D0-8D11-00A0C91BC942}") = "실습1-1", "실습1-1\실습1-1.vcxproj", "{65D14AD4-9323-4E54-8B49-45A388B4748B}"
EndProject
Project("{8BC9CEB8-8B4A-11D0-8D11-00A0C91BC942}") = "실습2-1디바이스컨택스트열기", "실습2-1디바이스컨택스트열기\실습2-1디바이스컨택스트열기.vcxproj", "{61A75B40-142E-46BE-9E7D-7BA530743293}"
EndProject
Project("{8BC9CEB8-8B4A-11D0-8D11-00A0C91BC942}") = "실습2-2", "실습2-2\실습2-2.vcxproj", "{73E4B114-5D1D-46E6-B7A2-A181B5F862D4}"
EndProject
Project("{8BC9CEB8-8B4A-11D0-8D11-00A0C91BC942}") = "실습2-3드로우텍스트", "실습2-3드로우텍스트\실습2-3드로우텍스트.vcxproj", "{FC03CE95-DA1D-4EC0-8A8A-BBB8126AEB5B}"
EndProject
Project("{8BC9CEB8-8B4A-11D0-8D11-00A0C91BC942}") = "실습2-4WM_CHAR", "실습2-4WM_CHAR\실습2-4WM_CHAR.vcxproj", "{6BE3EAAB-4154-473F-AF83-C374EB653505}"
EndProject
Project("{8BC9CEB8-8B4A-11D0-8D11-00A0C91BC942}") = "실습2-5입력문자처리하기", "실습2-5입력문자처리하기\실습2-5입력문자처리하기.vcxproj", "{EC60C84E-8C20-4928-B0BD-5B4303738BCC}"
EndProject
Project("{8BC9CEB8-8B4A-11D0-8D11-00A0C91BC942}") = "실습2-6입력문자열처리하기", "실습2-6입력문자열처리하기\실습2-6입력문자열처리하기.vcxproj", "{F1D231CD-E707-42C8-8B6C-EFE82E788223}"
EndProject
Project("{8BC9CEB8-8B4A-11D0-8D11-00A0C91BC942}") = "실습2-7WM_PAINT메시지처리하기", "실습2-7WM_PAINT메시지처리하기\실습2-7WM_PAINT메시지처리하기.vcxproj", "{F8AA2995-0834-4866-A84E-39F5444F8E0B}"
EndProject
Project("{8BC9CEB8-8B4A-11D0-8D11-00A0C91BC942}") = "실습2-8문자저장과출력구분하기", "실습2-8문자저장과출력구분하기\실습2-8문자저장과출력구분하기.vcxproj", "{83720227-359F-4D08-BC61-F45F176B0A71}"
EndProject
Project("{8BC9CEB8-8B4A-11D0-8D11-00A0C91BC942}") = "실습2-9Backspace키입력처리하기", "실습2-9Backspace키입력처리하기\실습2-9Backspace키입력처리하기.vcxproj", "{A149F896-ABB8-440E-816C-E32B9A58914E}"
EndProject
Project("{8BC9CEB8-8B4A-11D0-8D11-00A0C91BC942}") = "실습2-10Enter키처리하기", "2-10Enter키처리하기\2-10Enter키처리하기.vcxproj", "{9069F39B-D4F7-469F-BCF8-F51B48AC94D0}"
EndProject
Project("{8BC9CEB8-8B4A-11D0-8D11-00A0C91BC942}") = "실습2-12캐럿이 있는 텍스트입력처리하기", "실습2-12캐럿이 있는 텍스트입력처리하기\실습2-12캐럿이 있는 텍스트입력처리하기.vcxproj", "{B1727346-3761-4FDB-9DC2-8216E8615DEF}"
EndProject
Project("{8BC9CEB8-8B4A-11D0-8D11-00A0C91BC942}") = "실습2-13원그리기", "실습2-13원그리기\실습2-13원그리기.vcxproj", "{DB94F1BD-9948-4DDE-9388-7F0252F49308}"
EndProject
Project("{8BC9CEB8-8B4A-11D0-8D11-00A0C91BC942}") = "실습2-15", "실습2-15\실습2-15.vcxproj", "{DD4B33E6-0108-42CA-857E-D42A81F41420}"
EndProject
Project("{8BC9CEB8-8B4A-11D0-8D11-00A0C91BC942}") = "실습2-16빨간점선으로원그리기", "실습2-16빨간점선으로원그리기\실습2-16빨간점선으로원그리기.vcxproj", "{9E8EEA5D-2991-4DDF-8382-F735D7B0E87A}"
EndProject
Project("{8BC9CEB8-8B4A-11D0-8D11-00A0C91BC942}") = "실습2-17면이검정색인원만들기", "실습2-17면이검정색인원만들기\실습2-17면이검정색인원만들기.vcxproj", "{FC74F6BB-CF8B-4CE6-A931-4B4D8ED5ADA0}"
EndProject
Project("{8BC9CEB8-8B4A-11D0-8D11-00A0C91BC942}") = "실습3-1오른쪽방향키로원이동하기", "실습3-1오른쪽방향키로원이동하기\실습3-1오른쪽방향키로원이동하기.vcxproj", "{DC9CEC79-09ED-441A-93B2-D464CB384184}"
EndProject
Project("{8BC9CEB8-8B4A-11D0-8D11-00A0C91BC942}") = "실습3-4 자동으로 원 이동하기", "실습3-4 자동으로 원 이동하기\실습3-4 자동으로 원 이동하기.vcxproj", "{10E6442B-802F-447C-9661-80FD5263D4C3}"
EndProject
Project("{8BC9CEB8-8B4A-11D0-8D11-00A0C91BC942}") = "3-5마우스로원선택하기", "3-5마우스로원선택하기\3-5마우스로원선택하기.vcxproj", "{1679A943-CA64-497F-839D-A80184C52075}"
EndProject
Project("{8BC9CEB8-8B4A-11D0-8D11-00A0C91BC942}") = "snakegame", "snakegame\snakegame.vcxproj", "{3EF53AED-8B4B-473E-90AD-1D6B286218EF}"
EndProject
Global
	GlobalSection(SolutionConfigurationPlatforms) = preSolution
		Debug|x64 = Debug|x64
		Debug|x86 = Debug|x86
		Release|x64 = Release|x64
		Release|x86 = Release|x86
	EndGlobalSection
	GlobalSection(ProjectConfigurationPlatforms) = postSolution
		{893E2ED6-9433-48F5-A096-A01A067A622B}.Debug|x64.ActiveCfg = Debug|x64
		{893E2ED6-9433-48F5-A096-A01A067A622B}.Debug|x64.Build.0 = Debug|x64
		{893E2ED6-9433-48F5-A096-A01A067A622B}.Debug|x86.ActiveCfg = Debug|Win32
		{893E2ED6-9433-48F5-A096-A01A067A622B}.Debug|x86.Build.0 = Debug|Win32
		{893E2ED6-9433-48F5-A096-A01A067A622B}.Release|x64.ActiveCfg = Release|x64
		{893E2ED6-9433-48F5-A096-A01A067A622B}.Release|x64.Build.0 = Release|x64
		{893E2ED6-9433-48F5-A096-A01A067A622B}.Release|x86.ActiveCfg = Release|Win32
		{893E2ED6-9433-48F5-A096-A01A067A622B}.Release|x86.Build.0 = Release|Win32
		{65D14AD4-9323-4E54-8B49-45A388B4748B}.Debug|x64.ActiveCfg = Debug|x64
		{65D14AD4-9323-4E54-8B49-45A388B4748B}.Debug|x64.Build.0 = Debug|x64
		{65D14AD4-9323-4E54-8B49-45A388B4748B}.Debug|x86.ActiveCfg = Debug|Win32
		{65D14AD4-9323-4E54-8B49-45A388B4748B}.Debug|x86.Build.0 = Debug|Win32
		{65D14AD4-9323-4E54-8B49-45A388B4748B}.Release|x64.ActiveCfg = Release|x64
		{65D14AD4-9323-4E54-8B49-45A388B4748B}.Release|x64.Build.0 = Release|x64
		{65D14AD4-9323-4E54-8B49-45A388B4748B}.Release|x86.ActiveCfg = Release|Win32
		{65D14AD4-9323-4E54-8B49-45A388B4748B}.Release|x86.Build.0 = Release|Win32
		{61A75B40-142E-46BE-9E7D-7BA530743293}.Debug|x64.ActiveCfg = Debug|x64
		{61A75B40-142E-46BE-9E7D-7BA530743293}.Debug|x64.Build.0 = Debug|x64
		{61A75B40-142E-46BE-9E7D-7BA530743293}.Debug|x86.ActiveCfg = Debug|Win32
		{61A75B40-142E-46BE-9E7D-7BA530743293}.Debug|x86.Build.0 = Debug|Win32
		{61A75B40-142E-46BE-9E7D-7BA530743293}.Release|x64.ActiveCfg = Release|x64
		{61A75B40-142E-46BE-9E7D-7BA530743293}.Release|x64.Build.0 = Release|x64
		{61A75B40-142E-46BE-9E7D-7BA530743293}.Release|x86.ActiveCfg = Release|Win32
		{61A75B40-142E-46BE-9E7D-7BA530743293}.Release|x86.Build.0 = Release|Win32
		{73E4B114-5D1D-46E6-B7A2-A181B5F862D4}.Debug|x64.ActiveCfg = Debug|x64
		{73E4B114-5D1D-46E6-B7A2-A181B5F862D4}.Debug|x64.Build.0 = Debug|x64
		{73E4B114-5D1D-46E6-B7A2-A181B5F862D4}.Debug|x86.ActiveCfg = Debug|Win32
		{73E4B114-5D1D-46E6-B7A2-A181B5F862D4}.Debug|x86.Build.0 = Debug|Win32
		{73E4B114-5D1D-46E6-B7A2-A181B5F862D4}.Release|x64.ActiveCfg = Release|x64
		{73E4B114-5D1D-46E6-B7A2-A181B5F862D4}.Release|x64.Build.0 = Release|x64
		{73E4B114-5D1D-46E6-B7A2-A181B5F862D4}.Release|x86.ActiveCfg = Release|Win32
		{73E4B114-5D1D-46E6-B7A2-A181B5F862D4}.Release|x86.Build.0 = Release|Win32
		{FC03CE95-DA1D-4EC0-8A8A-BBB8126AEB5B}.Debug|x64.ActiveCfg = Debug|x64
		{FC03CE95-DA1D-4EC0-8A8A-BBB8126AEB5B}.Debug|x64.Build.0 = Debug|x64
		{FC03CE95-DA1D-4EC0-8A8A-BBB8126AEB5B}.Debug|x86.ActiveCfg = Debug|Win32
		{FC03CE95-DA1D-4EC0-8A8A-BBB8126AEB5B}.Debug|x86.Build.0 = Debug|Win32
		{FC03CE95-DA1D-4EC0-8A8A-BBB8126AEB5B}.Release|x64.ActiveCfg = Release|x64
		{FC03CE95-DA1D-4EC0-8A8A-BBB8126AEB5B}.Release|x64.Build.0 = Release|x64
		{FC03CE95-DA1D-4EC0-8A8A-BBB8126AEB5B}.Release|x86.ActiveCfg = Release|Win32
		{FC03CE95-DA1D-4EC0-8A8A-BBB8126AEB5B}.Release|x86.Build.0 = Release|Win32
		{6BE3EAAB-4154-473F-AF83-C374EB653505}.Debug|x64.ActiveCfg = Debug|x64
		{6BE3EAAB-4154-473F-AF83-C374EB653505}.Debug|x64.Build.0 = Debug|x64
		{6BE3EAAB-4154-473F-AF83-C374EB653505}.Debug|x86.ActiveCfg = Debug|Win32
		{6BE3EAAB-4154-473F-AF83-C374EB653505}.Debug|x86.Build.0 = Debug|Win32
		{6BE3EAAB-4154-473F-AF83-C374EB653505}.Release|x64.ActiveCfg = Release|x64
		{6BE3EAAB-4154-473F-AF83-C374EB653505}.Release|x64.Build.0 = Release|x64
		{6BE3EAAB-4154-473F-AF83-C374EB653505}.Release|x86.ActiveCfg = Release|Win32
		{6BE3EAAB-4154-473F-AF83-C374EB653505}.Release|x86.Build.0 = Release|Win32
		{EC60C84E-8C20-4928-B0BD-5B4303738BCC}.Debug|x64.ActiveCfg = Debug|x64
		{EC60C84E-8C20-4928-B0BD-5B4303738BCC}.Debug|x64.Build.0 = Debug|x64
		{EC60C84E-8C20-4928-B0BD-5B4303738BCC}.Debug|x86.ActiveCfg = Debug|Win32
		{EC60C84E-8C20-4928-B0BD-5B4303738BCC}.Debug|x86.Build.0 = Debug|Win32
		{EC60C84E-8C20-4928-B0BD-5B4303738BCC}.Release|x64.ActiveCfg = Release|x64
		{EC60C84E-8C20-4928-B0BD-5B4303738BCC}.Release|x64.Build.0 = Release|x64
		{EC60C84E-8C20-4928-B0BD-5B4303738BCC}.Release|x86.ActiveCfg = Release|Win32
		{EC60C84E-8C20-4928-B0BD-5B4303738BCC}.Release|x86.Build.0 = Release|Win32
		{F1D231CD-E707-42C8-8B6C-EFE82E788223}.Debug|x64.ActiveCfg = Debug|x64
		{F1D231CD-E707-42C8-8B6C-EFE82E788223}.Debug|x64.Build.0 = Debug|x64
		{F1D231CD-E707-42C8-8B6C-EFE82E788223}.Debug|x86.ActiveCfg = Debug|Win32
		{F1D231CD-E707-42C8-8B6C-EFE82E788223}.Debug|x86.Build.0 = Debug|Win32
		{F1D231CD-E707-42C8-8B6C-EFE82E788223}.Release|x64.ActiveCfg = Release|x64
		{F1D231CD-E707-42C8-8B6C-EFE82E788223}.Release|x64.Build.0 = Release|x64
		{F1D231CD-E707-42C8-8B6C-EFE82E788223}.Release|x86.ActiveCfg = Release|Win32
		{F1D231CD-E707-42C8-8B6C-EFE82E788223}.Release|x86.Build.0 = Release|Win32
		{F8AA2995-0834-4866-A84E-39F5444F8E0B}.Debug|x64.ActiveCfg = Debug|x64
		{F8AA2995-0834-4866-A84E-39F5444F8E0B}.Debug|x64.Build.0 = Debug|x64
		{F8AA2995-0834-4866-A84E-39F5444F8E0B}.Debug|x86.ActiveCfg = Debug|Win32
		{F8AA2995-0834-4866-A84E-39F5444F8E0B}.Debug|x86.Build.0 = Debug|Win32
		{F8AA2995-0834-4866-A84E-39F5444F8E0B}.Release|x64.ActiveCfg = Release|x64
		{F8AA2995-0834-4866-A84E-39F5444F8E0B}.Release|x64.Build.0 = Release|x64
		{F8AA2995-0834-4866-A84E-39F5444F8E0B}.Release|x86.ActiveCfg = Release|Win32
		{F8AA2995-0834-4866-A84E-39F5444F8E0B}.Release|x86.Build.0 = Release|Win32
		{83720227-359F-4D08-BC61-F45F176B0A71}.Debug|x64.ActiveCfg = Debug|x64
		{83720227-359F-4D08-BC61-F45F176B0A71}.Debug|x64.Build.0 = Debug|x64
		{83720227-359F-4D08-BC61-F45F176B0A71}.Debug|x86.ActiveCfg = Debug|Win32
		{83720227-359F-4D08-BC61-F45F176B0A71}.Debug|x86.Build.0 = Debug|Win32
		{83720227-359F-4D08-BC61-F45F176B0A71}.Release|x64.ActiveCfg = Release|x64
		{83720227-359F-4D08-BC61-F45F176B0A71}.Release|x64.Build.0 = Release|x64
		{83720227-359F-4D08-BC61-F45F176B0A71}.Release|x86.ActiveCfg = Release|Win32
		{83720227-359F-4D08-BC61-F45F176B0A71}.Release|x86.Build.0 = Release|Win32
		{A149F896-ABB8-440E-816C-E32B9A58914E}.Debug|x64.ActiveCfg = Debug|x64
		{A149F896-ABB8-440E-816C-E32B9A58914E}.Debug|x64.Build.0 = Debug|x64
		{A149F896-ABB8-440E-816C-E32B9A58914E}.Debug|x86.ActiveCfg = Debug|Win32
		{A149F896-ABB8-440E-816C-E32B9A58914E}.Debug|x86.Build.0 = Debug|Win32
		{A149F896-ABB8-440E-816C-E32B9A58914E}.Release|x64.ActiveCfg = Release|x64
		{A149F896-ABB8-440E-816C-E32B9A58914E}.Release|x64.Build.0 = Release|x64
		{A149F896-ABB8-440E-816C-E32B9A58914E}.Release|x86.ActiveCfg = Release|Win32
		{A149F896-ABB8-440E-816C-E32B9A58914E}.Release|x86.Build.0 = Release|Win32
		{9069F39B-D4F7-469F-BCF8-F51B48AC94D0}.Debug|x64.ActiveCfg = Debug|x64
		{9069F39B-D4F7-469F-BCF8-F51B48AC94D0}.Debug|x64.Build.0 = Debug|x64
		{9069F39B-D4F7-469F-BCF8-F51B48AC94D0}.Debug|x86.ActiveCfg = Debug|Win32
		{9069F39B-D4F7-469F-BCF8-F51B48AC94D0}.Debug|x86.Build.0 = Debug|Win32
		{9069F39B-D4F7-469F-BCF8-F51B48AC94D0}.Release|x64.ActiveCfg = Release|x64
		{9069F39B-D4F7-469F-BCF8-F51B48AC94D0}.Release|x64.Build.0 = Release|x64
		{9069F39B-D4F7-469F-BCF8-F51B48AC94D0}.Release|x86.ActiveCfg = Release|Win32
		{9069F39B-D4F7-469F-BCF8-F51B48AC94D0}.Release|x86.Build.0 = Release|Win32
		{B1727346-3761-4FDB-9DC2-8216E8615DEF}.Debug|x64.ActiveCfg = Debug|x64
		{B1727346-3761-4FDB-9DC2-8216E8615DEF}.Debug|x64.Build.0 = Debug|x64
		{B1727346-3761-4FDB-9DC2-8216E8615DEF}.Debug|x86.ActiveCfg = Debug|Win32
		{B1727346-3761-4FDB-9DC2-8216E8615DEF}.Debug|x86.Build.0 = Debug|Win32
		{B1727346-3761-4FDB-9DC2-8216E8615DEF}.Release|x64.ActiveCfg = Release|x64
		{B1727346-3761-4FDB-9DC2-8216E8615DEF}.Release|x64.Build.0 = Release|x64
		{B1727346-3761-4FDB-9DC2-8216E8615DEF}.Release|x86.ActiveCfg = Release|Win32
		{B1727346-3761-4FDB-9DC2-8216E8615DEF}.Release|x86.Build.0 = Release|Win32
		{DB94F1BD-9948-4DDE-9388-7F0252F49308}.Debug|x64.ActiveCfg = Debug|x64
		{DB94F1BD-9948-4DDE-9388-7F0252F49308}.Debug|x64.Build.0 = Debug|x64
		{DB94F1BD-9948-4DDE-9388-7F0252F49308}.Debug|x86.ActiveCfg = Debug|Win32
		{DB94F1BD-9948-4DDE-9388-7F0252F49308}.Debug|x86.Build.0 = Debug|Win32
		{DB94F1BD-9948-4DDE-9388-7F0252F49308}.Release|x64.ActiveCfg = Release|x64
		{DB94F1BD-9948-4DDE-9388-7F0252F49308}.Release|x64.Build.0 = Release|x64
		{DB94F1BD-9948-4DDE-9388-7F0252F49308}.Release|x86.ActiveCfg = Release|Win32
		{DB94F1BD-9948-4DDE-9388-7F0252F49308}.Release|x86.Build.0 = Release|Win32
		{DD4B33E6-0108-42CA-857E-D42A81F41420}.Debug|x64.ActiveCfg = Debug|x64
		{DD4B33E6-0108-42CA-857E-D42A81F41420}.Debug|x64.Build.0 = Debug|x64
		{DD4B33E6-0108-42CA-857E-D42A81F41420}.Debug|x86.ActiveCfg = Debug|Win32
		{DD4B33E6-0108-42CA-857E-D42A81F41420}.Debug|x86.Build.0 = Debug|Win32
		{DD4B33E6-0108-42CA-857E-D42A81F41420}.Release|x64.ActiveCfg = Release|x64
		{DD4B33E6-0108-42CA-857E-D42A81F41420}.Release|x64.Build.0 = Release|x64
		{DD4B33E6-0108-42CA-857E-D42A81F41420}.Release|x86.ActiveCfg = Release|Win32
		{DD4B33E6-0108-42CA-857E-D42A81F41420}.Release|x86.Build.0 = Release|Win32
		{9E8EEA5D-2991-4DDF-8382-F735D7B0E87A}.Debug|x64.ActiveCfg = Debug|x64
		{9E8EEA5D-2991-4DDF-8382-F735D7B0E87A}.Debug|x64.Build.0 = Debug|x64
		{9E8EEA5D-2991-4DDF-8382-F735D7B0E87A}.Debug|x86.ActiveCfg = Debug|Win32
		{9E8EEA5D-2991-4DDF-8382-F735D7B0E87A}.Debug|x86.Build.0 = Debug|Win32
		{9E8EEA5D-2991-4DDF-8382-F735D7B0E87A}.Release|x64.ActiveCfg = Release|x64
		{9E8EEA5D-2991-4DDF-8382-F735D7B0E87A}.Release|x64.Build.0 = Release|x64
		{9E8EEA5D-2991-4DDF-8382-F735D7B0E87A}.Release|x86.ActiveCfg = Release|Win32
		{9E8EEA5D-2991-4DDF-8382-F735D7B0E87A}.Release|x86.Build.0 = Release|Win32
		{FC74F6BB-CF8B-4CE6-A931-4B4D8ED5ADA0}.Debug|x64.ActiveCfg = Debug|x64
		{FC74F6BB-CF8B-4CE6-A931-4B4D8ED5ADA0}.Debug|x64.Build.0 = Debug|x64
		{FC74F6BB-CF8B-4CE6-A931-4B4D8ED5ADA0}.Debug|x86.ActiveCfg = Debug|Win32
		{FC74F6BB-CF8B-4CE6-A931-4B4D8ED5ADA0}.Debug|x86.Build.0 = Debug|Win32
		{FC74F6BB-CF8B-4CE6-A931-4B4D8ED5ADA0}.Release|x64.ActiveCfg = Release|x64
		{FC74F6BB-CF8B-4CE6-A931-4B4D8ED5ADA0}.Release|x64.Build.0 = Release|x64
		{FC74F6BB-CF8B-4CE6-A931-4B4D8ED5ADA0}.Release|x86.ActiveCfg = Release|Win32
		{FC74F6BB-CF8B-4CE6-A931-4B4D8ED5ADA0}.Release|x86.Build.0 = Release|Win32
		{DC9CEC79-09ED-441A-93B2-D464CB384184}.Debug|x64.ActiveCfg = Debug|x64
		{DC9CEC79-09ED-441A-93B2-D464CB384184}.Debug|x64.Build.0 = Debug|x64
		{DC9CEC79-09ED-441A-93B2-D464CB384184}.Debug|x86.ActiveCfg = Debug|Win32
		{DC9CEC79-09ED-441A-93B2-D464CB384184}.Debug|x86.Build.0 = Debug|Win32
		{DC9CEC79-09ED-441A-93B2-D464CB384184}.Release|x64.ActiveCfg = Release|x64
		{DC9CEC79-09ED-441A-93B2-D464CB384184}.Release|x64.Build.0 = Release|x64
		{DC9CEC79-09ED-441A-93B2-D464CB384184}.Release|x86.ActiveCfg = Release|Win32
		{DC9CEC79-09ED-441A-93B2-D464CB384184}.Release|x86.Build.0 = Release|Win32
		{10E6442B-802F-447C-9661-80FD5263D4C3}.Debug|x64.ActiveCfg = Debug|x64
		{10E6442B-802F-447C-9661-80FD5263D4C3}.Debug|x64.Build.0 = Debug|x64
		{10E6442B-802F-447C-9661-80FD5263D4C3}.Debug|x86.ActiveCfg = Debug|Win32
		{10E6442B-802F-447C-9661-80FD5263D4C3}.Debug|x86.Build.0 = Debug|Win32
		{10E6442B-802F-447C-9661-80FD5263D4C3}.Release|x64.ActiveCfg = Release|x64
		{10E6442B-802F-447C-9661-80FD5263D4C3}.Release|x64.Build.0 = Release|x64
		{10E6442B-802F-447C-9661-80FD5263D4C3}.Release|x86.ActiveCfg = Release|Win32
		{10E6442B-802F-447C-9661-80FD5263D4C3}.Release|x86.Build.0 = Release|Win32
		{1679A943-CA64-497F-839D-A80184C52075}.Debug|x64.ActiveCfg = Debug|x64
		{1679A943-CA64-497F-839D-A80184C52075}.Debug|x64.Build.0 = Debug|x64
		{1679A943-CA64-497F-839D-A80184C52075}.Debug|x86.ActiveCfg = Debug|Win32
		{1679A943-CA64-497F-839D-A80184C52075}.Debug|x86.Build.0 = Debug|Win32
		{1679A943-CA64-497F-839D-A80184C52075}.Release|x64.ActiveCfg = Release|x64
		{1679A943-CA64-497F-839D-A80184C52075}.Release|x64.Build.0 = Release|x64
		{1679A943-CA64-497F-839D-A80184C52075}.Release|x86.ActiveCfg = Release|Win32
		{1679A943-CA64-497F-839D-A80184C52075}.Release|x86.Build.0 = Release|Win32
		{3EF53AED-8B4B-473E-90AD-1D6B286218EF}.Debug|x64.ActiveCfg = Debug|x64
		{3EF53AED-8B4B-473E-90AD-1D6B286218EF}.Debug|x64.Build.0 = Debug|x64
		{3EF53AED-8B4B-473E-90AD-1D6B286218EF}.Debug|x86.ActiveCfg = Debug|Win32
		{3EF53AED-8B4B-473E-90AD-1D6B286218EF}.Debug|x86.Build.0 = Debug|Win32
		{3EF53AED-8B4B-473E-90AD-1D6B286218EF}.Release|x64.ActiveCfg = Release|x64
		{3EF53AED-8B4B-473E-90AD-1D6B286218EF}.Release|x64.Build.0 = Release|x64
		{3EF53AED-8B4B-473E-90AD-1D6B286218EF}.Release|x86.ActiveCfg = Release|Win32
		{3EF53AED-8B4B-473E-90AD-1D6B286218EF}.Release|x86.Build.0 = Release|Win32
	EndGlobalSection
	GlobalSection(SolutionProperties) = preSolution
		HideSolutionNode = FALSE
	EndGlobalSection
	GlobalSection(ExtensibilityGlobals) = postSolution
		SolutionGuid = {CC239EC1-7938-4493-9F57-11B1E8EFCF27}
	EndGlobalSection
EndGlobal
